{
  "name": "textcomposer",
  "version": "1.0.0",
  "lockfileVersion": 1,
  "requires": true,
  "dependencies": {
    "opentype": {
      "version": "0.1.2",
      "resolved": "https://registry.npmjs.org/opentype/-/opentype-0.1.2.tgz",
      "integrity": "sha1-0I1Ex9w3NymDAdZ/XZfBD0LApnk="
    }
  }
}
